
Microsoft Visual Studio Solution File, Format Version 12.00
# Visual Studio Version 17
VisualStudioVersion = 17.7.33913.275
MinimumVisualStudioVersion = 10.0.40219.1
Project("{2150E333-8FDC-42A3-9474-1A3956D46DE8}") = "FrontEnd", "FrontEnd", "{185CF68D-45C3-453F-A0FA-E2F134362DE3}"
EndProject
Project("{2150E333-8FDC-42A3-9474-1A3956D46DE8}") = "Gateway", "Gateway", "{988486C9-BD36-44BB-B288-0D6F4AC3F7E6}"
EndProject
Project("{2150E333-8FDC-42A3-9474-1A3956D46DE8}") = "Integration", "Integration", "{037FDD18-8C4F-4544-9BA3-628C5C91D529}"
EndProject
Project("{2150E333-8FDC-42A3-9474-1A3956D46DE8}") = "Services", "Services", "{F3D59E47-2E92-4A1C-8003-CE95F9A83D76}"
EndProject
Project("{FAE04EC0-301F-11D3-BF4B-00C04F79EFBC}") = "Mango.Services.MangoAPI", "Mango.Services.MangoAPI\Mango.Services.MangoAPI.csproj", "{55420488-0EF0-41A4-B286-280BEBDEFF17}"
EndProject
Global
	GlobalSection(SolutionConfigurationPlatforms) = preSolution
		Debug|Any CPU = Debug|Any CPU
		Release|Any CPU = Release|Any CPU
	EndGlobalSection
	GlobalSection(ProjectConfigurationPlatforms) = postSolution
		{55420488-0EF0-41A4-B286-280BEBDEFF17}.Debug|Any CPU.ActiveCfg = Debug|Any CPU
		{55420488-0EF0-41A4-B286-280BEBDEFF17}.Debug|Any CPU.Build.0 = Debug|Any CPU
		{55420488-0EF0-41A4-B286-280BEBDEFF17}.Release|Any CPU.ActiveCfg = Release|Any CPU
		{55420488-0EF0-41A4-B286-280BEBDEFF17}.Release|Any CPU.Build.0 = Release|Any CPU
	EndGlobalSection
	GlobalSection(SolutionProperties) = preSolution
		HideSolutionNode = FALSE
	EndGlobalSection
	GlobalSection(NestedProjects) = preSolution
		{55420488-0EF0-41A4-B286-280BEBDEFF17} = {F3D59E47-2E92-4A1C-8003-CE95F9A83D76}
	EndGlobalSection
	GlobalSection(ExtensibilityGlobals) = postSolution
		SolutionGuid = {3C4ABECF-C313-44B2-805C-9B4F3B0D69F4}
	EndGlobalSection
EndGlobal
