
Microsoft Visual Studio Solution File, Format Version 12.00
# Visual Studio Version 17
VisualStudioVersion = 17.7.33913.275
MinimumVisualStudioVersion = 10.0.40219.1
Project("{2150E333-8FDC-42A3-9474-1A3956D46DE8}") = "FrontEnd", "FrontEnd", "{185CF68D-45C3-453F-A0FA-E2F134362DE3}"
EndProject
Project("{2150E333-8FDC-42A3-9474-1A3956D46DE8}") = "Gateway", "Gateway", "{988486C9-BD36-44BB-B288-0D6F4AC3F7E6}"
EndProject
Project("{2150E333-8FDC-42A3-9474-1A3956D46DE8}") = "Integration", "Integration", "{037FDD18-8C4F-4544-9BA3-628C5C91D529}"
EndProject
Project("{2150E333-8FDC-42A3-9474-1A3956D46DE8}") = "Services", "Services", "{F3D59E47-2E92-4A1C-8003-CE95F9A83D76}"
EndProject
Project("{9A19103F-16F7-4668-BE54-9A1E7A4F7556}") = "Mango.Web", "Mango.Web\Mango.Web.csproj", "{56E5F3DB-E291-4337-B128-715708973B68}"
EndProject
Project("{9A19103F-16F7-4668-BE54-9A1E7A4F7556}") = "Mango.Services.AuthAPI", "Mango.Services.AuthAPI\Mango.Services.AuthAPI.csproj", "{6001C84F-F1CA-414C-85D9-40BA938F151E}"
EndProject
Project("{9A19103F-16F7-4668-BE54-9A1E7A4F7556}") = "Mango.Services.ProductAPI", "Mango.Services.ProductAPI\Mango.Services.ProductAPI.csproj", "{EA6B2EAF-11DB-4CA6-AF6D-41A7C27F68A0}"
EndProject
Project("{9A19103F-16F7-4668-BE54-9A1E7A4F7556}") = "Mango.Services.ShoppingCartAPI", "Mango.Services.ShoppingCartAPI\Mango.Services.ShoppingCartAPI.csproj", "{F6EF6260-17B7-4158-BA6E-6D5455209CE2}"
EndProject
Project("{9A19103F-16F7-4668-BE54-9A1E7A4F7556}") = "Mango.Services.CouponAPI", "Mango.Services.CouponAPI\Mango.Services.CouponAPI.csproj", "{97E575B2-2066-4896-B794-CCE42E5C1F5A}"
EndProject
Project("{9A19103F-16F7-4668-BE54-9A1E7A4F7556}") = "Mango.MessageBus", "Mango.MessageBus\Mango.MessageBus.csproj", "{AAB6AA10-1FBF-4286-8EC7-55585558ECD3}"
EndProject
Project("{9A19103F-16F7-4668-BE54-9A1E7A4F7556}") = "Mango.Services.EmailAPI", "Mango.Services.EmailAPI\Mango.Services.EmailAPI.csproj", "{60677BED-6EBE-459B-9BF7-37557E031914}"
EndProject
Project("{FAE04EC0-301F-11D3-BF4B-00C04F79EFBC}") = "Mango.Services.OrderAPI", "Mango.Services.OrderAPI\Mango.Services.OrderAPI.csproj", "{BF9DF558-96D5-4723-8DF4-BC2161396D82}"
EndProject
Global
	GlobalSection(SolutionConfigurationPlatforms) = preSolution
		Debug|Any CPU = Debug|Any CPU
		Release|Any CPU = Release|Any CPU
	EndGlobalSection
	GlobalSection(ProjectConfigurationPlatforms) = postSolution
		{56E5F3DB-E291-4337-B128-715708973B68}.Debug|Any CPU.ActiveCfg = Debug|Any CPU
		{56E5F3DB-E291-4337-B128-715708973B68}.Debug|Any CPU.Build.0 = Debug|Any CPU
		{56E5F3DB-E291-4337-B128-715708973B68}.Release|Any CPU.ActiveCfg = Release|Any CPU
		{56E5F3DB-E291-4337-B128-715708973B68}.Release|Any CPU.Build.0 = Release|Any CPU
		{6001C84F-F1CA-414C-85D9-40BA938F151E}.Debug|Any CPU.ActiveCfg = Debug|Any CPU
		{6001C84F-F1CA-414C-85D9-40BA938F151E}.Debug|Any CPU.Build.0 = Debug|Any CPU
		{6001C84F-F1CA-414C-85D9-40BA938F151E}.Release|Any CPU.ActiveCfg = Release|Any CPU
		{6001C84F-F1CA-414C-85D9-40BA938F151E}.Release|Any CPU.Build.0 = Release|Any CPU
		{EA6B2EAF-11DB-4CA6-AF6D-41A7C27F68A0}.Debug|Any CPU.ActiveCfg = Debug|Any CPU
		{EA6B2EAF-11DB-4CA6-AF6D-41A7C27F68A0}.Debug|Any CPU.Build.0 = Debug|Any CPU
		{EA6B2EAF-11DB-4CA6-AF6D-41A7C27F68A0}.Release|Any CPU.ActiveCfg = Release|Any CPU
		{EA6B2EAF-11DB-4CA6-AF6D-41A7C27F68A0}.Release|Any CPU.Build.0 = Release|Any CPU
		{F6EF6260-17B7-4158-BA6E-6D5455209CE2}.Debug|Any CPU.ActiveCfg = Debug|Any CPU
		{F6EF6260-17B7-4158-BA6E-6D5455209CE2}.Debug|Any CPU.Build.0 = Debug|Any CPU
		{F6EF6260-17B7-4158-BA6E-6D5455209CE2}.Release|Any CPU.ActiveCfg = Release|Any CPU
		{F6EF6260-17B7-4158-BA6E-6D5455209CE2}.Release|Any CPU.Build.0 = Release|Any CPU
		{97E575B2-2066-4896-B794-CCE42E5C1F5A}.Debug|Any CPU.ActiveCfg = Debug|Any CPU
		{97E575B2-2066-4896-B794-CCE42E5C1F5A}.Debug|Any CPU.Build.0 = Debug|Any CPU
		{97E575B2-2066-4896-B794-CCE42E5C1F5A}.Release|Any CPU.ActiveCfg = Release|Any CPU
		{97E575B2-2066-4896-B794-CCE42E5C1F5A}.Release|Any CPU.Build.0 = Release|Any CPU
		{AAB6AA10-1FBF-4286-8EC7-55585558ECD3}.Debug|Any CPU.ActiveCfg = Debug|Any CPU
		{AAB6AA10-1FBF-4286-8EC7-55585558ECD3}.Debug|Any CPU.Build.0 = Debug|Any CPU
		{AAB6AA10-1FBF-4286-8EC7-55585558ECD3}.Release|Any CPU.ActiveCfg = Release|Any CPU
		{AAB6AA10-1FBF-4286-8EC7-55585558ECD3}.Release|Any CPU.Build.0 = Release|Any CPU
		{60677BED-6EBE-459B-9BF7-37557E031914}.Debug|Any CPU.ActiveCfg = Debug|Any CPU
		{60677BED-6EBE-459B-9BF7-37557E031914}.Debug|Any CPU.Build.0 = Debug|Any CPU
		{60677BED-6EBE-459B-9BF7-37557E031914}.Release|Any CPU.ActiveCfg = Release|Any CPU
		{60677BED-6EBE-459B-9BF7-37557E031914}.Release|Any CPU.Build.0 = Release|Any CPU
		{BF9DF558-96D5-4723-8DF4-BC2161396D82}.Debug|Any CPU.ActiveCfg = Debug|Any CPU
		{BF9DF558-96D5-4723-8DF4-BC2161396D82}.Debug|Any CPU.Build.0 = Debug|Any CPU
		{BF9DF558-96D5-4723-8DF4-BC2161396D82}.Release|Any CPU.ActiveCfg = Release|Any CPU
		{BF9DF558-96D5-4723-8DF4-BC2161396D82}.Release|Any CPU.Build.0 = Release|Any CPU
	EndGlobalSection
	GlobalSection(SolutionProperties) = preSolution
		HideSolutionNode = FALSE
	EndGlobalSection
	GlobalSection(NestedProjects) = preSolution
		{56E5F3DB-E291-4337-B128-715708973B68} = {185CF68D-45C3-453F-A0FA-E2F134362DE3}
		{6001C84F-F1CA-414C-85D9-40BA938F151E} = {F3D59E47-2E92-4A1C-8003-CE95F9A83D76}
		{EA6B2EAF-11DB-4CA6-AF6D-41A7C27F68A0} = {F3D59E47-2E92-4A1C-8003-CE95F9A83D76}
		{F6EF6260-17B7-4158-BA6E-6D5455209CE2} = {F3D59E47-2E92-4A1C-8003-CE95F9A83D76}
		{97E575B2-2066-4896-B794-CCE42E5C1F5A} = {F3D59E47-2E92-4A1C-8003-CE95F9A83D76}
		{AAB6AA10-1FBF-4286-8EC7-55585558ECD3} = {037FDD18-8C4F-4544-9BA3-628C5C91D529}
		{60677BED-6EBE-459B-9BF7-37557E031914} = {F3D59E47-2E92-4A1C-8003-CE95F9A83D76}
		{BF9DF558-96D5-4723-8DF4-BC2161396D82} = {F3D59E47-2E92-4A1C-8003-CE95F9A83D76}
	EndGlobalSection
	GlobalSection(ExtensibilityGlobals) = postSolution
		SolutionGuid = {3C4ABECF-C313-44B2-805C-9B4F3B0D69F4}
	EndGlobalSection
EndGlobal
